
Microsoft Visual Studio Solution File, Format Version 12.00
# Visual Studio Express 2012 for Web
Project("{F2A71F9B-5D33-465A-A702-920D77279786}") = "BashAhead", "BashAhead\BashAhead.fsproj", "{1E894F85-C1A7-4C6A-B808-BE64EB8C9F6D}"
EndProject
Project("{F2A71F9B-5D33-465A-A702-920D77279786}") = "Tests", "Tests\Tests.fsproj", "{DA131494-9525-4785-80A2-E4234992FDAA}"
EndProject
Project("{F2A71F9B-5D33-465A-A702-920D77279786}") = "Common", "Common\Common.fsproj", "{90A3B265-79A3-46A1-A6D3-8BC2CB27FBD5}"
EndProject
Project("{F2A71F9B-5D33-465A-A702-920D77279786}") = "Battle", "Battle\Battle.fsproj", "{757E5F37-CED3-43F6-8ACB-D7EC82B0DAD4}"
EndProject
Project("{F2A71F9B-5D33-465A-A702-920D77279786}") = "Explore", "Explore\Explore.fsproj", "{19E702C6-7FFC-4CD5-AA8B-A216725FFD2D}"
EndProject
Global
	GlobalSection(SolutionConfigurationPlatforms) = preSolution
		Debug|Any CPU = Debug|Any CPU
		Release|Any CPU = Release|Any CPU
	EndGlobalSection
	GlobalSection(ProjectConfigurationPlatforms) = postSolution
		{1E894F85-C1A7-4C6A-B808-BE64EB8C9F6D}.Debug|Any CPU.ActiveCfg = Debug|Any CPU
		{1E894F85-C1A7-4C6A-B808-BE64EB8C9F6D}.Debug|Any CPU.Build.0 = Debug|Any CPU
		{1E894F85-C1A7-4C6A-B808-BE64EB8C9F6D}.Release|Any CPU.ActiveCfg = Release|Any CPU
		{1E894F85-C1A7-4C6A-B808-BE64EB8C9F6D}.Release|Any CPU.Build.0 = Release|Any CPU
		{DA131494-9525-4785-80A2-E4234992FDAA}.Debug|Any CPU.ActiveCfg = Debug|Any CPU
		{DA131494-9525-4785-80A2-E4234992FDAA}.Debug|Any CPU.Build.0 = Debug|Any CPU
		{DA131494-9525-4785-80A2-E4234992FDAA}.Release|Any CPU.ActiveCfg = Release|Any CPU
		{DA131494-9525-4785-80A2-E4234992FDAA}.Release|Any CPU.Build.0 = Release|Any CPU
		{90A3B265-79A3-46A1-A6D3-8BC2CB27FBD5}.Debug|Any CPU.ActiveCfg = Debug|Any CPU
		{90A3B265-79A3-46A1-A6D3-8BC2CB27FBD5}.Debug|Any CPU.Build.0 = Debug|Any CPU
		{90A3B265-79A3-46A1-A6D3-8BC2CB27FBD5}.Release|Any CPU.ActiveCfg = Release|Any CPU
		{90A3B265-79A3-46A1-A6D3-8BC2CB27FBD5}.Release|Any CPU.Build.0 = Release|Any CPU
		{757E5F37-CED3-43F6-8ACB-D7EC82B0DAD4}.Debug|Any CPU.ActiveCfg = Debug|Any CPU
		{757E5F37-CED3-43F6-8ACB-D7EC82B0DAD4}.Debug|Any CPU.Build.0 = Debug|Any CPU
		{757E5F37-CED3-43F6-8ACB-D7EC82B0DAD4}.Release|Any CPU.ActiveCfg = Release|Any CPU
		{757E5F37-CED3-43F6-8ACB-D7EC82B0DAD4}.Release|Any CPU.Build.0 = Release|Any CPU
		{19E702C6-7FFC-4CD5-AA8B-A216725FFD2D}.Debug|Any CPU.ActiveCfg = Debug|Any CPU
		{19E702C6-7FFC-4CD5-AA8B-A216725FFD2D}.Debug|Any CPU.Build.0 = Debug|Any CPU
		{19E702C6-7FFC-4CD5-AA8B-A216725FFD2D}.Release|Any CPU.ActiveCfg = Release|Any CPU
		{19E702C6-7FFC-4CD5-AA8B-A216725FFD2D}.Release|Any CPU.Build.0 = Release|Any CPU
	EndGlobalSection
	GlobalSection(SolutionProperties) = preSolution
		HideSolutionNode = FALSE
	EndGlobalSection
EndGlobal
